
Microsoft Visual Studio Solution File, Format Version 12.00
# Visual Studio Version 17
VisualStudioVersion = 17.6.33829.357
MinimumVisualStudioVersion = 10.0.40219.1
Project("{FAE04EC0-301F-11D3-BF4B-00C04F79EFBC}") = "UdemySignalR.APIProject", "UdemySignalR.APIProject\UdemySignalR.APIProject.csproj", "{EF249D3B-719D-48F3-AFF8-68EEB9FF4C47}"
EndProject
Global
	GlobalSection(SolutionConfigurationPlatforms) = preSolution
		Debug|Any CPU = Debug|Any CPU
		Release|Any CPU = Release|Any CPU
	EndGlobalSection
	GlobalSection(ProjectConfigurationPlatforms) = postSolution
		{EF249D3B-719D-48F3-AFF8-68EEB9FF4C47}.Debug|Any CPU.ActiveCfg = Debug|Any CPU
		{EF249D3B-719D-48F3-AFF8-68EEB9FF4C47}.Debug|Any CPU.Build.0 = Debug|Any CPU
		{EF249D3B-719D-48F3-AFF8-68EEB9FF4C47}.Release|Any CPU.ActiveCfg = Release|Any CPU
		{EF249D3B-719D-48F3-AFF8-68EEB9FF4C47}.Release|Any CPU.Build.0 = Release|Any CPU
	EndGlobalSection
	GlobalSection(SolutionProperties) = preSolution
		HideSolutionNode = FALSE
	EndGlobalSection
	GlobalSection(ExtensibilityGlobals) = postSolution
		SolutionGuid = {1E7306B5-01D4-4765-977D-B2B299B7BCE4}
	EndGlobalSection
EndGlobal
